
Microsoft Visual Studio Solution File, Format Version 12.00
# Visual Studio Version 17
VisualStudioVersion = 17.11.35303.130
MinimumVisualStudioVersion = 10.0.40219.1
Project("{FAE04EC0-301F-11D3-BF4B-00C04F79EFBC}") = "CustomerBlazorServerApp", "CustomerBlazorServerApp\CustomerBlazorServerApp.csproj", "{E8D638B4-77EF-44F5-B765-143775190D6F}"
EndProject
Project("{FAE04EC0-301F-11D3-BF4B-00C04F79EFBC}") = "CustomerAPI", "CustomerAPI\CustomerAPI.csproj", "{C9CD9582-1D0E-480D-BE98-1CF2FCFDEFCE}"
EndProject
Project("{FAE04EC0-301F-11D3-BF4B-00C04F79EFBC}") = "OrdersAPI", "OrdersAPI\OrdersAPI.csproj", "{234A2CED-9460-4725-A3BA-D8842A38A22C}"
EndProject
Project("{FAE04EC0-301F-11D3-BF4B-00C04F79EFBC}") = "TrackingAPI", "TrackingAPI\TrackingAPI.csproj", "{7E538F18-BE0F-4ACE-8FF5-803E41B3C907}"
EndProject
Global
	GlobalSection(SolutionConfigurationPlatforms) = preSolution
		Debug|Any CPU = Debug|Any CPU
		Release|Any CPU = Release|Any CPU
	EndGlobalSection
	GlobalSection(ProjectConfigurationPlatforms) = postSolution
		{E8D638B4-77EF-44F5-B765-143775190D6F}.Debug|Any CPU.ActiveCfg = Debug|Any CPU
		{E8D638B4-77EF-44F5-B765-143775190D6F}.Debug|Any CPU.Build.0 = Debug|Any CPU
		{E8D638B4-77EF-44F5-B765-143775190D6F}.Release|Any CPU.ActiveCfg = Release|Any CPU
		{E8D638B4-77EF-44F5-B765-143775190D6F}.Release|Any CPU.Build.0 = Release|Any CPU
		{C9CD9582-1D0E-480D-BE98-1CF2FCFDEFCE}.Debug|Any CPU.ActiveCfg = Debug|Any CPU
		{C9CD9582-1D0E-480D-BE98-1CF2FCFDEFCE}.Debug|Any CPU.Build.0 = Debug|Any CPU
		{C9CD9582-1D0E-480D-BE98-1CF2FCFDEFCE}.Release|Any CPU.ActiveCfg = Release|Any CPU
		{C9CD9582-1D0E-480D-BE98-1CF2FCFDEFCE}.Release|Any CPU.Build.0 = Release|Any CPU
		{234A2CED-9460-4725-A3BA-D8842A38A22C}.Debug|Any CPU.ActiveCfg = Debug|Any CPU
		{234A2CED-9460-4725-A3BA-D8842A38A22C}.Debug|Any CPU.Build.0 = Debug|Any CPU
		{234A2CED-9460-4725-A3BA-D8842A38A22C}.Release|Any CPU.ActiveCfg = Release|Any CPU
		{234A2CED-9460-4725-A3BA-D8842A38A22C}.Release|Any CPU.Build.0 = Release|Any CPU
		{7E538F18-BE0F-4ACE-8FF5-803E41B3C907}.Debug|Any CPU.ActiveCfg = Debug|Any CPU
		{7E538F18-BE0F-4ACE-8FF5-803E41B3C907}.Debug|Any CPU.Build.0 = Debug|Any CPU
		{7E538F18-BE0F-4ACE-8FF5-803E41B3C907}.Release|Any CPU.ActiveCfg = Release|Any CPU
		{7E538F18-BE0F-4ACE-8FF5-803E41B3C907}.Release|Any CPU.Build.0 = Release|Any CPU
	EndGlobalSection
	GlobalSection(SolutionProperties) = preSolution
		HideSolutionNode = FALSE
	EndGlobalSection
	GlobalSection(ExtensibilityGlobals) = postSolution
		SolutionGuid = {97312FBA-DA27-4E3E-8659-3208A129801E}
	EndGlobalSection
EndGlobal
